
Microsoft Visual Studio Solution File, Format Version 12.00
# Visual Studio Version 17
VisualStudioVersion = 17.0.31903.59
MinimumVisualStudioVersion = 10.0.40219.1
Project("{FAE04EC0-301F-11D3-BF4B-00C04F79EFBC}") = "Modbus", "Modbus.csproj", "{A1AE40A4-5FED-4996-8687-90B39D873C02}"
EndProject
Project("{FAE04EC0-301F-11D3-BF4B-00C04F79EFBC}") = "modbusClient", "..\ModbusClient\modbusClient.csproj", "{BA54BF3D-D966-3716-80B8-7F8EB733D400}"
EndProject
Project("{FAE04EC0-301F-11D3-BF4B-00C04F79EFBC}") = "ModbusServer", "..\ModbusServer\ModbusServer.csproj", "{42220758-3665-BC50-A3CF-B9F07115F71E}"
EndProject
Global
	GlobalSection(SolutionConfigurationPlatforms) = preSolution
		Debug|Any CPU = Debug|Any CPU
		Debug|x64 = Debug|x64
		Debug|x86 = Debug|x86
		Release|Any CPU = Release|Any CPU
		Release|x64 = Release|x64
		Release|x86 = Release|x86
	EndGlobalSection
	GlobalSection(ProjectConfigurationPlatforms) = postSolution
		{A1AE40A4-5FED-4996-8687-90B39D873C02}.Debug|Any CPU.ActiveCfg = Debug|Any CPU
		{A1AE40A4-5FED-4996-8687-90B39D873C02}.Debug|Any CPU.Build.0 = Debug|Any CPU
		{A1AE40A4-5FED-4996-8687-90B39D873C02}.Debug|x64.ActiveCfg = Debug|Any CPU
		{A1AE40A4-5FED-4996-8687-90B39D873C02}.Debug|x64.Build.0 = Debug|Any CPU
		{A1AE40A4-5FED-4996-8687-90B39D873C02}.Debug|x86.ActiveCfg = Debug|Any CPU
		{A1AE40A4-5FED-4996-8687-90B39D873C02}.Debug|x86.Build.0 = Debug|Any CPU
		{A1AE40A4-5FED-4996-8687-90B39D873C02}.Release|Any CPU.ActiveCfg = Release|Any CPU
		{A1AE40A4-5FED-4996-8687-90B39D873C02}.Release|Any CPU.Build.0 = Release|Any CPU
		{A1AE40A4-5FED-4996-8687-90B39D873C02}.Release|x64.ActiveCfg = Release|Any CPU
		{A1AE40A4-5FED-4996-8687-90B39D873C02}.Release|x64.Build.0 = Release|Any CPU
		{A1AE40A4-5FED-4996-8687-90B39D873C02}.Release|x86.ActiveCfg = Release|Any CPU
		{A1AE40A4-5FED-4996-8687-90B39D873C02}.Release|x86.Build.0 = Release|Any CPU
		{DD141154-87F1-1AC0-A7D4-87007C983326}.Debug|Any CPU.ActiveCfg = Debug|Any CPU
		{DD141154-87F1-1AC0-A7D4-87007C983326}.Debug|Any CPU.Build.0 = Debug|Any CPU
		{DD141154-87F1-1AC0-A7D4-87007C983326}.Debug|x64.ActiveCfg = Debug|Any CPU
		{DD141154-87F1-1AC0-A7D4-87007C983326}.Debug|x64.Build.0 = Debug|Any CPU
		{DD141154-87F1-1AC0-A7D4-87007C983326}.Debug|x86.ActiveCfg = Debug|Any CPU
		{DD141154-87F1-1AC0-A7D4-87007C983326}.Debug|x86.Build.0 = Debug|Any CPU
		{DD141154-87F1-1AC0-A7D4-87007C983326}.Release|Any CPU.ActiveCfg = Release|Any CPU
		{DD141154-87F1-1AC0-A7D4-87007C983326}.Release|Any CPU.Build.0 = Release|Any CPU
		{DD141154-87F1-1AC0-A7D4-87007C983326}.Release|x64.ActiveCfg = Release|Any CPU
		{DD141154-87F1-1AC0-A7D4-87007C983326}.Release|x64.Build.0 = Release|Any CPU
		{DD141154-87F1-1AC0-A7D4-87007C983326}.Release|x86.ActiveCfg = Release|Any CPU
		{DD141154-87F1-1AC0-A7D4-87007C983326}.Release|x86.Build.0 = Release|Any CPU
		{BA54BF3D-D966-3716-80B8-7F8EB733D400}.Debug|Any CPU.ActiveCfg = Debug|Any CPU
		{BA54BF3D-D966-3716-80B8-7F8EB733D400}.Debug|Any CPU.Build.0 = Debug|Any CPU
		{BA54BF3D-D966-3716-80B8-7F8EB733D400}.Debug|x64.ActiveCfg = Debug|Any CPU
		{BA54BF3D-D966-3716-80B8-7F8EB733D400}.Debug|x64.Build.0 = Debug|Any CPU
		{BA54BF3D-D966-3716-80B8-7F8EB733D400}.Debug|x86.ActiveCfg = Debug|Any CPU
		{BA54BF3D-D966-3716-80B8-7F8EB733D400}.Debug|x86.Build.0 = Debug|Any CPU
		{BA54BF3D-D966-3716-80B8-7F8EB733D400}.Release|Any CPU.ActiveCfg = Release|Any CPU
		{BA54BF3D-D966-3716-80B8-7F8EB733D400}.Release|Any CPU.Build.0 = Release|Any CPU
		{BA54BF3D-D966-3716-80B8-7F8EB733D400}.Release|x64.ActiveCfg = Release|Any CPU
		{BA54BF3D-D966-3716-80B8-7F8EB733D400}.Release|x64.Build.0 = Release|Any CPU
		{BA54BF3D-D966-3716-80B8-7F8EB733D400}.Release|x86.ActiveCfg = Release|Any CPU
		{BA54BF3D-D966-3716-80B8-7F8EB733D400}.Release|x86.Build.0 = Release|Any CPU
		{42220758-3665-BC50-A3CF-B9F07115F71E}.Debug|Any CPU.ActiveCfg = Debug|Any CPU
		{42220758-3665-BC50-A3CF-B9F07115F71E}.Debug|Any CPU.Build.0 = Debug|Any CPU
		{42220758-3665-BC50-A3CF-B9F07115F71E}.Debug|x64.ActiveCfg = Debug|Any CPU
		{42220758-3665-BC50-A3CF-B9F07115F71E}.Debug|x64.Build.0 = Debug|Any CPU
		{42220758-3665-BC50-A3CF-B9F07115F71E}.Debug|x86.ActiveCfg = Debug|Any CPU
		{42220758-3665-BC50-A3CF-B9F07115F71E}.Debug|x86.Build.0 = Debug|Any CPU
		{42220758-3665-BC50-A3CF-B9F07115F71E}.Release|Any CPU.ActiveCfg = Release|Any CPU
		{42220758-3665-BC50-A3CF-B9F07115F71E}.Release|Any CPU.Build.0 = Release|Any CPU
		{42220758-3665-BC50-A3CF-B9F07115F71E}.Release|x64.ActiveCfg = Release|Any CPU
		{42220758-3665-BC50-A3CF-B9F07115F71E}.Release|x64.Build.0 = Release|Any CPU
		{42220758-3665-BC50-A3CF-B9F07115F71E}.Release|x86.ActiveCfg = Release|Any CPU
		{42220758-3665-BC50-A3CF-B9F07115F71E}.Release|x86.Build.0 = Release|Any CPU
	EndGlobalSection
	GlobalSection(SolutionProperties) = preSolution
		HideSolutionNode = FALSE
	EndGlobalSection
EndGlobal
